
Microsoft Visual Studio Solution File, Format Version 12.00
# Visual Studio 15
VisualStudioVersion = 15.0.28010.2050
MinimumVisualStudioVersion = 10.0.40219.1
Project("{FAE04EC0-301F-11D3-BF4B-00C04F79EFBC}") = "Questionnaire.Web", "Questionnaire\Questionnaire.Web.csproj", "{B0EA5B42-5E31-4A50-8506-2F2C24045823}"
EndProject
Project("{FAE04EC0-301F-11D3-BF4B-00C04F79EFBC}") = "Questionnaire.DAL", "Questionnaire.DAL\Questionnaire.DAL.csproj", "{FDEE7C96-36FD-4690-9E77-D3AF4AA42AF5}"
EndProject
Global
	GlobalSection(SolutionConfigurationPlatforms) = preSolution
		Debug|Any CPU = Debug|Any CPU
		Release|Any CPU = Release|Any CPU
	EndGlobalSection
	GlobalSection(ProjectConfigurationPlatforms) = postSolution
		{B0EA5B42-5E31-4A50-8506-2F2C24045823}.Debug|Any CPU.ActiveCfg = Debug|Any CPU
		{B0EA5B42-5E31-4A50-8506-2F2C24045823}.Debug|Any CPU.Build.0 = Debug|Any CPU
		{B0EA5B42-5E31-4A50-8506-2F2C24045823}.Release|Any CPU.ActiveCfg = Release|Any CPU
		{B0EA5B42-5E31-4A50-8506-2F2C24045823}.Release|Any CPU.Build.0 = Release|Any CPU
		{FDEE7C96-36FD-4690-9E77-D3AF4AA42AF5}.Debug|Any CPU.ActiveCfg = Debug|Any CPU
		{FDEE7C96-36FD-4690-9E77-D3AF4AA42AF5}.Debug|Any CPU.Build.0 = Debug|Any CPU
		{FDEE7C96-36FD-4690-9E77-D3AF4AA42AF5}.Release|Any CPU.ActiveCfg = Release|Any CPU
		{FDEE7C96-36FD-4690-9E77-D3AF4AA42AF5}.Release|Any CPU.Build.0 = Release|Any CPU
	EndGlobalSection
	GlobalSection(SolutionProperties) = preSolution
		HideSolutionNode = FALSE
	EndGlobalSection
	GlobalSection(ExtensibilityGlobals) = postSolution
		SolutionGuid = {FC53D5C8-6E0E-45CE-85C4-BC20736ADAA0}
	EndGlobalSection
EndGlobal
